{
  "name": "basic",
  "version": "1.0.0",
  "lockfileVersion": 2,
  "requires": true,
  "packages": {
    "": {
      "name": "basic",
      "version": "1.0.0",
      "license": "MIT",
      "dependencies": {
        "workers-tracing": "^0.1.0"
      }
    },
    "node_modules/workers-tracing": {
      "version": "0.1.0",
      "resolved": "https://registry.npmjs.org/workers-tracing/-/workers-tracing-0.1.0.tgz",
      "integrity": "sha512-3b2dX3/4gIwyHSpNCrR3Kc5U6v+IxYv+kd5CA0DIM6ga+eNIL9nndY7MqpTevU2pqvIIkE7Xana0D1suTIGNEw=="
    }
  },
  "dependencies": {
    "workers-tracing": {
      "version": "0.1.0",
      "resolved": "https://registry.npmjs.org/workers-tracing/-/workers-tracing-0.1.0.tgz",
      "integrity": "sha512-3b2dX3/4gIwyHSpNCrR3Kc5U6v+IxYv+kd5CA0DIM6ga+eNIL9nndY7MqpTevU2pqvIIkE7Xana0D1suTIGNEw=="
    }
  }
}
