{
  "name": "basic",
  "version": "1.0.0",
  "lockfileVersion": 2,
  "requires": true,
  "packages": {
    "": {
      "name": "basic",
      "version": "1.0.0",
      "license": "MIT",
      "devDependencies": {
        "workers-tracing": "^0.1.1"
      }
    },
    "node_modules/workers-tracing": {
      "version": "0.1.1",
      "resolved": "https://registry.npmjs.org/workers-tracing/-/workers-tracing-0.1.1.tgz",
      "integrity": "sha512-d6qnJFldJBzUnK9PiDpUnJB2oIh5kazADDC7YKxFyMC4EHR972jDMJsQalQL6KFD14grFN3Q5n6XmFLpAitKpA==",
      "dev": true
    }
  },
  "dependencies": {
    "workers-tracing": {
      "version": "0.1.1",
      "resolved": "https://registry.npmjs.org/workers-tracing/-/workers-tracing-0.1.1.tgz",
      "integrity": "sha512-d6qnJFldJBzUnK9PiDpUnJB2oIh5kazADDC7YKxFyMC4EHR972jDMJsQalQL6KFD14grFN3Q5n6XmFLpAitKpA==",
      "dev": true
    }
  }
}
